// !$*UTF8*$!
{
	archiveVersion = 1;
	classes = {
	};
	objectVersion = 46;
	objects = {

/* Begin PBXBuildFile section */
		4E099797D28CC8FDF0EB136F /* Pods_BlackHospital.framework in Frameworks */ = {isa = PBXBuildFile; fileRef = B4EA307C0ADB0297394600DB /* Pods_BlackHospital.framework */; };
		773F1BE11D4AE511007C7FCE /* Hospital.swift in Sources */ = {isa = PBXBuildFile; fileRef = 773F1BE01D4AE511007C7FCE /* Hospital.swift */; };
		7743F6951D58393A00FBA99E /* HospitalTableViewController.swift in Sources */ = {isa = PBXBuildFile; fileRef = 7743F6941D58393A00FBA99E /* HospitalTableViewController.swift */; };
		774771271D49BD0100CC26E5 /* hospital.geojson in Resources */ = {isa = PBXBuildFile; fileRef = 774771261D49BD0100CC26E5 /* hospital.geojson */; };
		774CEFB41D41D44C006784EF /* AppDelegate.swift in Sources */ = {isa = PBXBuildFile; fileRef = 774CEFB31D41D44C006784EF /* AppDelegate.swift */; };
		774CEFB91D41D44C006784EF /* Main.storyboard in Resources */ = {isa = PBXBuildFile; fileRef = 774CEFB71D41D44C006784EF /* Main.storyboard */; };
		774CEFBB1D41D44C006784EF /* Assets.xcassets in Resources */ = {isa = PBXBuildFile; fileRef = 774CEFBA1D41D44C006784EF /* Assets.xcassets */; };
		774CEFBE1D41D44C006784EF /* LaunchScreen.storyboard in Resources */ = {isa = PBXBuildFile; fileRef = 774CEFBC1D41D44C006784EF /* LaunchScreen.storyboard */; };
		774CEFC91D41D44C006784EF /* BlackHospitalTests.swift in Sources */ = {isa = PBXBuildFile; fileRef = 774CEFC81D41D44C006784EF /* BlackHospitalTests.swift */; };
		774CEFD41D41D44C006784EF /* BlackHospitalUITests.swift in Sources */ = {isa = PBXBuildFile; fileRef = 774CEFD31D41D44C006784EF /* BlackHospitalUITests.swift */; };
		775066411D5443C8007945DC /* MapKit.framework in Frameworks */ = {isa = PBXBuildFile; fileRef = 775066401D5443C8007945DC /* MapKit.framework */; };
		77535B281D52EE2B00391008 /* MapViewController.swift in Sources */ = {isa = PBXBuildFile; fileRef = 77535B271D52EE2B00391008 /* MapViewController.swift */; };
		77D742F41D59B07D00409E2C /* AboutViewController.swift in Sources */ = {isa = PBXBuildFile; fileRef = 77D742F31D59B07D00409E2C /* AboutViewController.swift */; };
		77D742F61D59B82600409E2C /* MessageUI.framework in Frameworks */ = {isa = PBXBuildFile; fileRef = 77D742F51D59B82600409E2C /* MessageUI.framework */; };
/* End PBXBuildFile section */

/* Begin PBXContainerItemProxy section */
		774CEFC51D41D44C006784EF /* PBXContainerItemProxy */ = {
			isa = PBXContainerItemProxy;
			containerPortal = 774CEFA81D41D44C006784EF /* Project object */;
			proxyType = 1;
			remoteGlobalIDString = 774CEFAF1D41D44C006784EF;
			remoteInfo = BlackHospital;
		};
		774CEFD01D41D44C006784EF /* PBXContainerItemProxy */ = {
			isa = PBXContainerItemProxy;
			containerPortal = 774CEFA81D41D44C006784EF /* Project object */;
			proxyType = 1;
			remoteGlobalIDString = 774CEFAF1D41D44C006784EF;
			remoteInfo = BlackHospital;
		};
/* End PBXContainerItemProxy section */

/* Begin PBXCopyFilesBuildPhase section */
		774A407C1D460EF4008E6246 /* Embed Frameworks */ = {
			isa = PBXCopyFilesBuildPhase;
			buildActionMask = 2147483647;
			dstPath = "";
			dstSubfolderSpec = 10;
			files = (
			);
			name = "Embed Frameworks";
			runOnlyForDeploymentPostprocessing = 0;
		};
/* End PBXCopyFilesBuildPhase section */

/* Begin PBXFileReference section */
		773F1BE01D4AE511007C7FCE /* Hospital.swift */ = {isa = PBXFileReference; fileEncoding = 4; lastKnownFileType = sourcecode.swift; path = Hospital.swift; sourceTree = "<group>"; };
		7743F6941D58393A00FBA99E /* HospitalTableViewController.swift */ = {isa = PBXFileReference; fileEncoding = 4; lastKnownFileType = sourcecode.swift; path = HospitalTableViewController.swift; sourceTree = "<group>"; };
		774771261D49BD0100CC26E5 /* hospital.geojson */ = {isa = PBXFileReference; fileEncoding = 4; lastKnownFileType = text; path = hospital.geojson; sourceTree = "<group>"; };
		774776301D597253002CBC4E /* BlackHospital-Bridging-Header.h */ = {isa = PBXFileReference; lastKnownFileType = sourcecode.c.h; path = "BlackHospital-Bridging-Header.h"; sourceTree = "<group>"; };
		774CEFB01D41D44C006784EF /* BlackHospital.app */ = {isa = PBXFileReference; explicitFileType = wrapper.application; includeInIndex = 0; path = BlackHospital.app; sourceTree = BUILT_PRODUCTS_DIR; };
		774CEFB31D41D44C006784EF /* AppDelegate.swift */ = {isa = PBXFileReference; lastKnownFileType = sourcecode.swift; path = AppDelegate.swift; sourceTree = "<group>"; };
		774CEFB81D41D44C006784EF /* Base */ = {isa = PBXFileReference; lastKnownFileType = file.storyboard; name = Base; path = Base.lproj/Main.storyboard; sourceTree = "<group>"; };
		774CEFBA1D41D44C006784EF /* Assets.xcassets */ = {isa = PBXFileReference; lastKnownFileType = folder.assetcatalog; path = Assets.xcassets; sourceTree = "<group>"; };
		774CEFBD1D41D44C006784EF /* Base */ = {isa = PBXFileReference; lastKnownFileType = file.storyboard; name = Base; path = Base.lproj/LaunchScreen.storyboard; sourceTree = "<group>"; };
		774CEFBF1D41D44C006784EF /* Info.plist */ = {isa = PBXFileReference; lastKnownFileType = text.plist.xml; path = Info.plist; sourceTree = "<group>"; };
		774CEFC41D41D44C006784EF /* BlackHospitalTests.xctest */ = {isa = PBXFileReference; explicitFileType = wrapper.cfbundle; includeInIndex = 0; path = BlackHospitalTests.xctest; sourceTree = BUILT_PRODUCTS_DIR; };
		774CEFC81D41D44C006784EF /* BlackHospitalTests.swift */ = {isa = PBXFileReference; lastKnownFileType = sourcecode.swift; path = BlackHospitalTests.swift; sourceTree = "<group>"; };
		774CEFCA1D41D44C006784EF /* Info.plist */ = {isa = PBXFileReference; lastKnownFileType = text.plist.xml; path = Info.plist; sourceTree = "<group>"; };
		774CEFCF1D41D44C006784EF /* BlackHospitalUITests.xctest */ = {isa = PBXFileReference; explicitFileType = wrapper.cfbundle; includeInIndex = 0; path = BlackHospitalUITests.xctest; sourceTree = BUILT_PRODUCTS_DIR; };
		774CEFD31D41D44C006784EF /* BlackHospitalUITests.swift */ = {isa = PBXFileReference; lastKnownFileType = sourcecode.swift; path = BlackHospitalUITests.swift; sourceTree = "<group>"; };
		774CEFD51D41D44C006784EF /* Info.plist */ = {isa = PBXFileReference; lastKnownFileType = text.plist.xml; path = Info.plist; sourceTree = "<group>"; };
		775066401D5443C8007945DC /* MapKit.framework */ = {isa = PBXFileReference; lastKnownFileType = wrapper.framework; name = MapKit.framework; path = System/Library/Frameworks/MapKit.framework; sourceTree = SDKROOT; };
		77535B271D52EE2B00391008 /* MapViewController.swift */ = {isa = PBXFileReference; fileEncoding = 4; lastKnownFileType = sourcecode.swift; path = MapViewController.swift; sourceTree = "<group>"; };
		77D742F31D59B07D00409E2C /* AboutViewController.swift */ = {isa = PBXFileReference; fileEncoding = 4; lastKnownFileType = sourcecode.swift; path = AboutViewController.swift; sourceTree = "<group>"; };
		77D742F51D59B82600409E2C /* MessageUI.framework */ = {isa = PBXFileReference; lastKnownFileType = wrapper.framework; name = MessageUI.framework; path = System/Library/Frameworks/MessageUI.framework; sourceTree = SDKROOT; };
		B4EA307C0ADB0297394600DB /* Pods_BlackHospital.framework */ = {isa = PBXFileReference; explicitFileType = wrapper.framework; includeInIndex = 0; path = Pods_BlackHospital.framework; sourceTree = BUILT_PRODUCTS_DIR; };
		C1FC1E9893A934C167E3AA6F /* Pods-BlackHospital.debug.xcconfig */ = {isa = PBXFileReference; includeInIndex = 1; lastKnownFileType = text.xcconfig; name = "Pods-BlackHospital.debug.xcconfig"; path = "Pods/Target Support Files/Pods-BlackHospital/Pods-BlackHospital.debug.xcconfig"; sourceTree = "<group>"; };
		D15CE3153B54FE688225F024 /* Pods-BlackHospital.release.xcconfig */ = {isa = PBXFileReference; includeInIndex = 1; lastKnownFileType = text.xcconfig; name = "Pods-BlackHospital.release.xcconfig"; path = "Pods/Target Support Files/Pods-BlackHospital/Pods-BlackHospital.release.xcconfig"; sourceTree = "<group>"; };
/* End PBXFileReference section */

/* Begin PBXFrameworksBuildPhase section */
		774CEFAD1D41D44C006784EF /* Frameworks */ = {
			isa = PBXFrameworksBuildPhase;
			buildActionMask = 2147483647;
			files = (
				77D742F61D59B82600409E2C /* MessageUI.framework in Frameworks */,
				775066411D5443C8007945DC /* MapKit.framework in Frameworks */,
				4E099797D28CC8FDF0EB136F /* Pods_BlackHospital.framework in Frameworks */,
			);
			runOnlyForDeploymentPostprocessing = 0;
		};
		774CEFC11D41D44C006784EF /* Frameworks */ = {
			isa = PBXFrameworksBuildPhase;
			buildActionMask = 2147483647;
			files = (
			);
			runOnlyForDeploymentPostprocessing = 0;
		};
		774CEFCC1D41D44C006784EF /* Frameworks */ = {
			isa = PBXFrameworksBuildPhase;
			buildActionMask = 2147483647;
			files = (
			);
			runOnlyForDeploymentPostprocessing = 0;
		};
/* End PBXFrameworksBuildPhase section */

/* Begin PBXGroup section */
		771A10C11D486A94004009D1 /* Frameworks */ = {
			isa = PBXGroup;
			children = (
				77D742F51D59B82600409E2C /* MessageUI.framework */,
				775066401D5443C8007945DC /* MapKit.framework */,
				B4EA307C0ADB0297394600DB /* Pods_BlackHospital.framework */,
			);
			path = Frameworks;
			sourceTree = "<group>";
		};
		774CEFA71D41D44C006784EF = {
			isa = PBXGroup;
			children = (
				771A10C11D486A94004009D1 /* Frameworks */,
				774CEFB21D41D44C006784EF /* BlackHospital */,
				774CEFC71D41D44C006784EF /* BlackHospitalTests */,
				774CEFD21D41D44C006784EF /* BlackHospitalUITests */,
				774CEFB11D41D44C006784EF /* Products */,
				B3FFBA66055B774D9960C604 /* Pods */,
			);
			sourceTree = "<group>";
		};
		774CEFB11D41D44C006784EF /* Products */ = {
			isa = PBXGroup;
			children = (
				774CEFB01D41D44C006784EF /* BlackHospital.app */,
				774CEFC41D41D44C006784EF /* BlackHospitalTests.xctest */,
				774CEFCF1D41D44C006784EF /* BlackHospitalUITests.xctest */,
			);
			name = Products;
			sourceTree = "<group>";
		};
		774CEFB21D41D44C006784EF /* BlackHospital */ = {
			isa = PBXGroup;
			children = (
				774771261D49BD0100CC26E5 /* hospital.geojson */,
				774CEFB31D41D44C006784EF /* AppDelegate.swift */,
				774CEFB71D41D44C006784EF /* Main.storyboard */,
				774CEFBA1D41D44C006784EF /* Assets.xcassets */,
				774CEFBC1D41D44C006784EF /* LaunchScreen.storyboard */,
				774CEFBF1D41D44C006784EF /* Info.plist */,
				773F1BE01D4AE511007C7FCE /* Hospital.swift */,
				77535B271D52EE2B00391008 /* MapViewController.swift */,
				7743F6941D58393A00FBA99E /* HospitalTableViewController.swift */,
				774776301D597253002CBC4E /* BlackHospital-Bridging-Header.h */,
				77D742F31D59B07D00409E2C /* AboutViewController.swift */,
			);
			path = BlackHospital;
			sourceTree = "<group>";
		};
		774CEFC71D41D44C006784EF /* BlackHospitalTests */ = {
			isa = PBXGroup;
			children = (
				774CEFC81D41D44C006784EF /* BlackHospitalTests.swift */,
				774CEFCA1D41D44C006784EF /* Info.plist */,
			);
			path = BlackHospitalTests;
			sourceTree = "<group>";
		};
		774CEFD21D41D44C006784EF /* BlackHospitalUITests */ = {
			isa = PBXGroup;
			children = (
				774CEFD31D41D44C006784EF /* BlackHospitalUITests.swift */,
				774CEFD51D41D44C006784EF /* Info.plist */,
			);
			path = BlackHospitalUITests;
			sourceTree = "<group>";
		};
		B3FFBA66055B774D9960C604 /* Pods */ = {
			isa = PBXGroup;
			children = (
				C1FC1E9893A934C167E3AA6F /* Pods-BlackHospital.debug.xcconfig */,
				D15CE3153B54FE688225F024 /* Pods-BlackHospital.release.xcconfig */,
			);
			name = Pods;
			sourceTree = "<group>";
		};
/* End PBXGroup section */

/* Begin PBXNativeTarget section */
		774CEFAF1D41D44C006784EF /* BlackHospital */ = {
			isa = PBXNativeTarget;
			buildConfigurationList = 774CEFD81D41D44C006784EF /* Build configuration list for PBXNativeTarget "BlackHospital" */;
			buildPhases = (
				05B111813D5E50B602926523 /* [CP] Check Pods Manifest.lock */,
				774CEFAC1D41D44C006784EF /* Sources */,
				774CEFAD1D41D44C006784EF /* Frameworks */,
				774CEFAE1D41D44C006784EF /* Resources */,
				774A407C1D460EF4008E6246 /* Embed Frameworks */,
				1C05BC449863AD086D681B10 /* [CP] Embed Pods Frameworks */,
				08A4B06C90455CB25098365D /* [CP] Copy Pods Resources */,
			);
			buildRules = (
			);
			dependencies = (
			);
			name = BlackHospital;
			productName = BlackHospital;
			productReference = 774CEFB01D41D44C006784EF /* BlackHospital.app */;
			productType = "com.apple.product-type.application";
		};
		774CEFC31D41D44C006784EF /* BlackHospitalTests */ = {
			isa = PBXNativeTarget;
			buildConfigurationList = 774CEFDB1D41D44C006784EF /* Build configuration list for PBXNativeTarget "BlackHospitalTests" */;
			buildPhases = (
				774CEFC01D41D44C006784EF /* Sources */,
				774CEFC11D41D44C006784EF /* Frameworks */,
				774CEFC21D41D44C006784EF /* Resources */,
			);
			buildRules = (
			);
			dependencies = (
				774CEFC61D41D44C006784EF /* PBXTargetDependency */,
			);
			name = BlackHospitalTests;
			productName = BlackHospitalTests;
			productReference = 774CEFC41D41D44C006784EF /* BlackHospitalTests.xctest */;
			productType = "com.apple.product-type.bundle.unit-test";
		};
		774CEFCE1D41D44C006784EF /* BlackHospitalUITests */ = {
			isa = PBXNativeTarget;
			buildConfigurationList = 774CEFDE1D41D44C006784EF /* Build configuration list for PBXNativeTarget "BlackHospitalUITests" */;
			buildPhases = (
				774CEFCB1D41D44C006784EF /* Sources */,
				774CEFCC1D41D44C006784EF /* Frameworks */,
				774CEFCD1D41D44C006784EF /* Resources */,
			);
			buildRules = (
			);
			dependencies = (
				774CEFD11D41D44C006784EF /* PBXTargetDependency */,
			);
			name = BlackHospitalUITests;
			productName = BlackHospitalUITests;
			productReference = 774CEFCF1D41D44C006784EF /* BlackHospitalUITests.xctest */;
			productType = "com.apple.product-type.bundle.ui-testing";
		};
/* End PBXNativeTarget section */

/* Begin PBXProject section */
		774CEFA81D41D44C006784EF /* Project object */ = {
			isa = PBXProject;
			attributes = {
				LastSwiftUpdateCheck = 0730;
				LastUpgradeCheck = 0730;
				ORGANIZATIONNAME = StephenZhuang;
				TargetAttributes = {
					774CEFAF1D41D44C006784EF = {
						CreatedOnToolsVersion = 7.3.1;
						SystemCapabilities = {
							com.apple.Maps.iOS = {
								enabled = 1;
							};
						};
					};
					774CEFC31D41D44C006784EF = {
						CreatedOnToolsVersion = 7.3.1;
						TestTargetID = 774CEFAF1D41D44C006784EF;
					};
					774CEFCE1D41D44C006784EF = {
						CreatedOnToolsVersion = 7.3.1;
						TestTargetID = 774CEFAF1D41D44C006784EF;
					};
				};
			};
			buildConfigurationList = 774CEFAB1D41D44C006784EF /* Build configuration list for PBXProject "BlackHospital" */;
			compatibilityVersion = "Xcode 3.2";
			developmentRegion = English;
			hasScannedForEncodings = 0;
			knownRegions = (
				en,
				Base,
			);
			mainGroup = 774CEFA71D41D44C006784EF;
			productRefGroup = 774CEFB11D41D44C006784EF /* Products */;
			projectDirPath = "";
			projectRoot = "";
			targets = (
				774CEFAF1D41D44C006784EF /* BlackHospital */,
				774CEFC31D41D44C006784EF /* BlackHospitalTests */,
				774CEFCE1D41D44C006784EF /* BlackHospitalUITests */,
			);
		};
/* End PBXProject section */

/* Begin PBXResourcesBuildPhase section */
		774CEFAE1D41D44C006784EF /* Resources */ = {
			isa = PBXResourcesBuildPhase;
			buildActionMask = 2147483647;
			files = (
				774CEFBE1D41D44C006784EF /* LaunchScreen.storyboard in Resources */,
				774CEFBB1D41D44C006784EF /* Assets.xcassets in Resources */,
				774CEFB91D41D44C006784EF /* Main.storyboard in Resources */,
				774771271D49BD0100CC26E5 /* hospital.geojson in Resources */,
			);
			runOnlyForDeploymentPostprocessing = 0;
		};
		774CEFC21D41D44C006784EF /* Resources */ = {
			isa = PBXResourcesBuildPhase;
			buildActionMask = 2147483647;
			files = (
			);
			runOnlyForDeploymentPostprocessing = 0;
		};
		774CEFCD1D41D44C006784EF /* Resources */ = {
			isa = PBXResourcesBuildPhase;
			buildActionMask = 2147483647;
			files = (
			);
			runOnlyForDeploymentPostprocessing = 0;
		};
/* End PBXResourcesBuildPhase section */

/* Begin PBXShellScriptBuildPhase section */
		05B111813D5E50B602926523 /* [CP] Check Pods Manifest.lock */ = {
			isa = PBXShellScriptBuildPhase;
			buildActionMask = 2147483647;
			files = (
			);
			inputPaths = (
			);
			name = "[CP] Check Pods Manifest.lock";
			outputPaths = (
			);
			runOnlyForDeploymentPostprocessing = 0;
			shellPath = /bin/sh;
			shellScript = "diff \"${PODS_ROOT}/../Podfile.lock\" \"${PODS_ROOT}/Manifest.lock\" > /dev/null\nif [[ $? != 0 ]] ; then\n    cat << EOM\nerror: The sandbox is not in sync with the Podfile.lock. Run 'pod install' or update your CocoaPods installation.\nEOM\n    exit 1\nfi\n";
			showEnvVarsInLog = 0;
		};
		08A4B06C90455CB25098365D /* [CP] Copy Pods Resources */ = {
			isa = PBXShellScriptBuildPhase;
			buildActionMask = 2147483647;
			files = (
			);
			inputPaths = (
			);
			name = "[CP] Copy Pods Resources";
			outputPaths = (
			);
			runOnlyForDeploymentPostprocessing = 0;
			shellPath = /bin/sh;
			shellScript = "\"${SRCROOT}/Pods/Target Support Files/Pods-BlackHospital/Pods-BlackHospital-resources.sh\"\n";
			showEnvVarsInLog = 0;
		};
		1C05BC449863AD086D681B10 /* [CP] Embed Pods Frameworks */ = {
			isa = PBXShellScriptBuildPhase;
			buildActionMask = 2147483647;
			files = (
			);
			inputPaths = (
			);
			name = "[CP] Embed Pods Frameworks";
			outputPaths = (
			);
			runOnlyForDeploymentPostprocessing = 0;
			shellPath = /bin/sh;
			shellScript = "\"${SRCROOT}/Pods/Target Support Files/Pods-BlackHospital/Pods-BlackHospital-frameworks.sh\"\n";
			showEnvVarsInLog = 0;
		};
/* End PBXShellScriptBuildPhase section */

/* Begin PBXSourcesBuildPhase section */
		774CEFAC1D41D44C006784EF /* Sources */ = {
			isa = PBXSourcesBuildPhase;
			buildActionMask = 2147483647;
			files = (
				774CEFB41D41D44C006784EF /* AppDelegate.swift in Sources */,
				7743F6951D58393A00FBA99E /* HospitalTableViewController.swift in Sources */,
				773F1BE11D4AE511007C7FCE /* Hospital.swift in Sources */,
				77D742F41D59B07D00409E2C /* AboutViewController.swift in Sources */,
				77535B281D52EE2B00391008 /* MapViewController.swift in Sources */,
			);
			runOnlyForDeploymentPostprocessing = 0;
		};
		774CEFC01D41D44C006784EF /* Sources */ = {
			isa = PBXSourcesBuildPhase;
			buildActionMask = 2147483647;
			files = (
				774CEFC91D41D44C006784EF /* BlackHospitalTests.swift in Sources */,
			);
			runOnlyForDeploymentPostprocessing = 0;
		};
		774CEFCB1D41D44C006784EF /* Sources */ = {
			isa = PBXSourcesBuildPhase;
			buildActionMask = 2147483647;
			files = (
				774CEFD41D41D44C006784EF /* BlackHospitalUITests.swift in Sources */,
			);
			runOnlyForDeploymentPostprocessing = 0;
		};
/* End PBXSourcesBuildPhase section */

/* Begin PBXTargetDependency section */
		774CEFC61D41D44C006784EF /* PBXTargetDependency */ = {
			isa = PBXTargetDependency;
			target = 774CEFAF1D41D44C006784EF /* BlackHospital */;
			targetProxy = 774CEFC51D41D44C006784EF /* PBXContainerItemProxy */;
		};
		774CEFD11D41D44C006784EF /* PBXTargetDependency */ = {
			isa = PBXTargetDependency;
			target = 774CEFAF1D41D44C006784EF /* BlackHospital */;
			targetProxy = 774CEFD01D41D44C006784EF /* PBXContainerItemProxy */;
		};
/* End PBXTargetDependency section */

/* Begin PBXVariantGroup section */
		774CEFB71D41D44C006784EF /* Main.storyboard */ = {
			isa = PBXVariantGroup;
			children = (
				774CEFB81D41D44C006784EF /* Base */,
			);
			name = Main.storyboard;
			sourceTree = "<group>";
		};
		774CEFBC1D41D44C006784EF /* LaunchScreen.storyboard */ = {
			isa = PBXVariantGroup;
			children = (
				774CEFBD1D41D44C006784EF /* Base */,
			);
			name = LaunchScreen.storyboard;
			sourceTree = "<group>";
		};
/* End PBXVariantGroup section */

/* Begin XCBuildConfiguration section */
		774CEFD61D41D44C006784EF /* Debug */ = {
			isa = XCBuildConfiguration;
			buildSettings = {
				ALWAYS_SEARCH_USER_PATHS = NO;
				CLANG_ANALYZER_NONNULL = YES;
				CLANG_CXX_LANGUAGE_STANDARD = "gnu++0x";
				CLANG_CXX_LIBRARY = "libc++";
				CLANG_ENABLE_MODULES = YES;
				CLANG_ENABLE_OBJC_ARC = YES;
				CLANG_WARN_BOOL_CONVERSION = YES;
				CLANG_WARN_CONSTANT_CONVERSION = YES;
				CLANG_WARN_DIRECT_OBJC_ISA_USAGE = YES_ERROR;
				CLANG_WARN_EMPTY_BODY = YES;
				CLANG_WARN_ENUM_CONVERSION = YES;
				CLANG_WARN_INT_CONVERSION = YES;
				CLANG_WARN_OBJC_ROOT_CLASS = YES_ERROR;
				CLANG_WARN_UNREACHABLE_CODE = YES;
				CLANG_WARN__DUPLICATE_METHOD_MATCH = YES;
				"CODE_SIGN_IDENTITY[sdk=iphoneos*]" = "iPhone Developer";
				COPY_PHASE_STRIP = NO;
				DEBUG_INFORMATION_FORMAT = dwarf;
				ENABLE_STRICT_OBJC_MSGSEND = YES;
				ENABLE_TESTABILITY = YES;
				GCC_C_LANGUAGE_STANDARD = gnu99;
				GCC_DYNAMIC_NO_PIC = NO;
				GCC_NO_COMMON_BLOCKS = YES;
				GCC_OPTIMIZATION_LEVEL = 0;
				GCC_PREPROCESSOR_DEFINITIONS = (
					"DEBUG=1",
					"$(inherited)",
				);
				GCC_WARN_64_TO_32_BIT_CONVERSION = YES;
				GCC_WARN_ABOUT_RETURN_TYPE = YES_ERROR;
				GCC_WARN_UNDECLARED_SELECTOR = YES;
				GCC_WARN_UNINITIALIZED_AUTOS = YES_AGGRESSIVE;
				GCC_WARN_UNUSED_FUNCTION = YES;
				GCC_WARN_UNUSED_VARIABLE = YES;
				IPHONEOS_DEPLOYMENT_TARGET = 9.3;
				MTL_ENABLE_DEBUG_INFO = YES;
				ONLY_ACTIVE_ARCH = YES;
				SDKROOT = iphoneos;
				SWIFT_OPTIMIZATION_LEVEL = "-Onone";
			};
			name = Debug;
		};
		774CEFD71D41D44C006784EF /* Release */ = {
			isa = XCBuildConfiguration;
			buildSettings = {
				ALWAYS_SEARCH_USER_PATHS = NO;
				CLANG_ANALYZER_NONNULL = YES;
				CLANG_CXX_LANGUAGE_STANDARD = "gnu++0x";
				CLANG_CXX_LIBRARY = "libc++";
				CLANG_ENABLE_MODULES = YES;
				CLANG_ENABLE_OBJC_ARC = YES;
				CLANG_WARN_BOOL_CONVERSION = YES;
				CLANG_WARN_CONSTANT_CONVERSION = YES;
				CLANG_WARN_DIRECT_OBJC_ISA_USAGE = YES_ERROR;
				CLANG_WARN_EMPTY_BODY = YES;
				CLANG_WARN_ENUM_CONVERSION = YES;
				CLANG_WARN_INT_CONVERSION = YES;
				CLANG_WARN_OBJC_ROOT_CLASS = YES_ERROR;
				CLANG_WARN_UNREACHABLE_CODE = YES;
				CLANG_WARN__DUPLICATE_METHOD_MATCH = YES;
				"CODE_SIGN_IDENTITY[sdk=iphoneos*]" = "iPhone Developer";
				COPY_PHASE_STRIP = NO;
				DEBUG_INFORMATION_FORMAT = "dwarf-with-dsym";
				ENABLE_NS_ASSERTIONS = NO;
				ENABLE_STRICT_OBJC_MSGSEND = YES;
				GCC_C_LANGUAGE_STANDARD = gnu99;
				GCC_NO_COMMON_BLOCKS = YES;
				GCC_WARN_64_TO_32_BIT_CONVERSION = YES;
				GCC_WARN_ABOUT_RETURN_TYPE = YES_ERROR;
				GCC_WARN_UNDECLARED_SELECTOR = YES;
				GCC_WARN_UNINITIALIZED_AUTOS = YES_AGGRESSIVE;
				GCC_WARN_UNUSED_FUNCTION = YES;
				GCC_WARN_UNUSED_VARIABLE = YES;
				IPHONEOS_DEPLOYMENT_TARGET = 9.3;
				MTL_ENABLE_DEBUG_INFO = NO;
				SDKROOT = iphoneos;
				VALIDATE_PRODUCT = YES;
			};
			name = Release;
		};
		774CEFD91D41D44C006784EF /* Debug */ = {
			isa = XCBuildConfiguration;
			baseConfigurationReference = C1FC1E9893A934C167E3AA6F /* Pods-BlackHospital.debug.xcconfig */;
			buildSettings = {
				ASSETCATALOG_COMPILER_APPICON_NAME = AppIcon;
				FRAMEWORK_SEARCH_PATHS = "$(inherited)";
				INFOPLIST_FILE = BlackHospital/Info.plist;
				LD_RUNPATH_SEARCH_PATHS = "$(inherited) @executable_path/Frameworks";
				LIBRARY_SEARCH_PATHS = (
					"$(inherited)",
					"$(PROJECT_DIR)/BlackHospital/WeixinSDK",
				);
				PRODUCT_BUNDLE_IDENTIFIER = com.precordium.blackHospital;
				PRODUCT_NAME = "$(TARGET_NAME)";
				SWIFT_OBJC_BRIDGING_HEADER = "$(SRCROOT)/BlackHospital/BlackHospital-Bridging-Header.h";
			};
			name = Debug;
		};
		774CEFDA1D41D44C006784EF /* Release */ = {
			isa = XCBuildConfiguration;
			baseConfigurationReference = D15CE3153B54FE688225F024 /* Pods-BlackHospital.release.xcconfig */;
			buildSettings = {
				ASSETCATALOG_COMPILER_APPICON_NAME = AppIcon;
				FRAMEWORK_SEARCH_PATHS = "$(inherited)";
				INFOPLIST_FILE = BlackHospital/Info.plist;
				LD_RUNPATH_SEARCH_PATHS = "$(inherited) @executable_path/Frameworks";
				LIBRARY_SEARCH_PATHS = (
					"$(inherited)",
					"$(PROJECT_DIR)/BlackHospital/WeixinSDK",
				);
				PRODUCT_BUNDLE_IDENTIFIER = com.precordium.blackHospital;
				PRODUCT_NAME = "$(TARGET_NAME)";
				SWIFT_OBJC_BRIDGING_HEADER = "$(SRCROOT)/BlackHospital/BlackHospital-Bridging-Header.h";
			};
			name = Release;
		};
		774CEFDC1D41D44C006784EF /* Debug */ = {
			isa = XCBuildConfiguration;
			buildSettings = {
				BUNDLE_LOADER = "$(TEST_HOST)";
				INFOPLIST_FILE = BlackHospitalTests/Info.plist;
				LD_RUNPATH_SEARCH_PATHS = "$(inherited) @executable_path/Frameworks @loader_path/Frameworks";
				PRODUCT_BUNDLE_IDENTIFIER = com.precordium.BlackHospitalTests;
				PRODUCT_NAME = "$(TARGET_NAME)";
				TEST_HOST = "$(BUILT_PRODUCTS_DIR)/BlackHospital.app/BlackHospital";
			};
			name = Debug;
		};
		774CEFDD1D41D44C006784EF /* Release */ = {
			isa = XCBuildConfiguration;
			buildSettings = {
				BUNDLE_LOADER = "$(TEST_HOST)";
				INFOPLIST_FILE = BlackHospitalTests/Info.plist;
				LD_RUNPATH_SEARCH_PATHS = "$(inherited) @executable_path/Frameworks @loader_path/Frameworks";
				PRODUCT_BUNDLE_IDENTIFIER = com.precordium.BlackHospitalTests;
				PRODUCT_NAME = "$(TARGET_NAME)";
				TEST_HOST = "$(BUILT_PRODUCTS_DIR)/BlackHospital.app/BlackHospital";
			};
			name = Release;
		};
		774CEFDF1D41D44C006784EF /* Debug */ = {
			isa = XCBuildConfiguration;
			buildSettings = {
				INFOPLIST_FILE = BlackHospitalUITests/Info.plist;
				LD_RUNPATH_SEARCH_PATHS = "$(inherited) @executable_path/Frameworks @loader_path/Frameworks";
				PRODUCT_BUNDLE_IDENTIFIER = com.precordium.BlackHospitalUITests;
				PRODUCT_NAME = "$(TARGET_NAME)";
				TEST_TARGET_NAME = BlackHospital;
			};
			name = Debug;
		};
		774CEFE01D41D44C006784EF /* Release */ = {
			isa = XCBuildConfiguration;
			buildSettings = {
				INFOPLIST_FILE = BlackHospitalUITests/Info.plist;
				LD_RUNPATH_SEARCH_PATHS = "$(inherited) @executable_path/Frameworks @loader_path/Frameworks";
				PRODUCT_BUNDLE_IDENTIFIER = com.precordium.BlackHospitalUITests;
				PRODUCT_NAME = "$(TARGET_NAME)";
				TEST_TARGET_NAME = BlackHospital;
			};
			name = Release;
		};
/* End XCBuildConfiguration section */

/* Begin XCConfigurationList section */
		774CEFAB1D41D44C006784EF /* Build configuration list for PBXProject "BlackHospital" */ = {
			isa = XCConfigurationList;
			buildConfigurations = (
				774CEFD61D41D44C006784EF /* Debug */,
				774CEFD71D41D44C006784EF /* Release */,
			);
			defaultConfigurationIsVisible = 0;
			defaultConfigurationName = Release;
		};
		774CEFD81D41D44C006784EF /* Build configuration list for PBXNativeTarget "BlackHospital" */ = {
			isa = XCConfigurationList;
			buildConfigurations = (
				774CEFD91D41D44C006784EF /* Debug */,
				774CEFDA1D41D44C006784EF /* Release */,
			);
			defaultConfigurationIsVisible = 0;
			defaultConfigurationName = Release;
		};
		774CEFDB1D41D44C006784EF /* Build configuration list for PBXNativeTarget "BlackHospitalTests" */ = {
			isa = XCConfigurationList;
			buildConfigurations = (
				774CEFDC1D41D44C006784EF /* Debug */,
				774CEFDD1D41D44C006784EF /* Release */,
			);
			defaultConfigurationIsVisible = 0;
			defaultConfigurationName = Release;
		};
		774CEFDE1D41D44C006784EF /* Build configuration list for PBXNativeTarget "BlackHospitalUITests" */ = {
			isa = XCConfigurationList;
			buildConfigurations = (
				774CEFDF1D41D44C006784EF /* Debug */,
				774CEFE01D41D44C006784EF /* Release */,
			);
			defaultConfigurationIsVisible = 0;
			defaultConfigurationName = Release;
		};
/* End XCConfigurationList section */
	};
	rootObject = 774CEFA81D41D44C006784EF /* Project object */;
}
